
Microsoft Visual Studio Solution File, Format Version 12.00
# Visual Studio 14
VisualStudioVersion = 14.0.25123.0
MinimumVisualStudioVersion = 10.0.40219.1
Project("{FAE04EC0-301F-11D3-BF4B-00C04F79EFBC}") = "Famoser.FrameworkEssentials", "Famoser.FrameworkEssentials\Famoser.FrameworkEssentials.csproj", "{6E2B514E-0271-40F0-867A-7E3FB06A4B9A}"
EndProject
Project("{2150E333-8FDC-42A3-9474-1A3956D46DE8}") = "Tests", "Tests", "{057FE87F-CD57-40D1-8947-99A583D4D3EF}"
EndProject
Project("{FAE04EC0-301F-11D3-BF4B-00C04F79EFBC}") = "Famoser.FrameworkEssentials.Tests", "Famoser.FrameworkEssentials.Tests\Famoser.FrameworkEssentials.Tests.csproj", "{EEC50B4C-1EFB-4E64-857C-414BD0C48EDE}"
EndProject
Project("{2150E333-8FDC-42A3-9474-1A3956D46DE8}") = "Webpage", "Webpage", "{3AE648E4-C180-42A7-BCF7-70AB5F60968B}"
	ProjectSection(SolutionItems) = preProject
		index.php = index.php
	EndProjectSection
EndProject
Global
	GlobalSection(SolutionConfigurationPlatforms) = preSolution
		Debug|Any CPU = Debug|Any CPU
		Debug|ARM = Debug|ARM
		Debug|x64 = Debug|x64
		Debug|x86 = Debug|x86
		Release|Any CPU = Release|Any CPU
		Release|ARM = Release|ARM
		Release|x64 = Release|x64
		Release|x86 = Release|x86
	EndGlobalSection
	GlobalSection(ProjectConfigurationPlatforms) = postSolution
		{6E2B514E-0271-40F0-867A-7E3FB06A4B9A}.Debug|Any CPU.ActiveCfg = Debug|Any CPU
		{6E2B514E-0271-40F0-867A-7E3FB06A4B9A}.Debug|Any CPU.Build.0 = Debug|Any CPU
		{6E2B514E-0271-40F0-867A-7E3FB06A4B9A}.Debug|ARM.ActiveCfg = Debug|ARM
		{6E2B514E-0271-40F0-867A-7E3FB06A4B9A}.Debug|ARM.Build.0 = Debug|ARM
		{6E2B514E-0271-40F0-867A-7E3FB06A4B9A}.Debug|x64.ActiveCfg = Debug|x64
		{6E2B514E-0271-40F0-867A-7E3FB06A4B9A}.Debug|x64.Build.0 = Debug|x64
		{6E2B514E-0271-40F0-867A-7E3FB06A4B9A}.Debug|x86.ActiveCfg = Debug|x86
		{6E2B514E-0271-40F0-867A-7E3FB06A4B9A}.Debug|x86.Build.0 = Debug|x86
		{6E2B514E-0271-40F0-867A-7E3FB06A4B9A}.Release|Any CPU.ActiveCfg = Release|Any CPU
		{6E2B514E-0271-40F0-867A-7E3FB06A4B9A}.Release|Any CPU.Build.0 = Release|Any CPU
		{6E2B514E-0271-40F0-867A-7E3FB06A4B9A}.Release|ARM.ActiveCfg = Release|ARM
		{6E2B514E-0271-40F0-867A-7E3FB06A4B9A}.Release|ARM.Build.0 = Release|ARM
		{6E2B514E-0271-40F0-867A-7E3FB06A4B9A}.Release|x64.ActiveCfg = Release|x64
		{6E2B514E-0271-40F0-867A-7E3FB06A4B9A}.Release|x64.Build.0 = Release|x64
		{6E2B514E-0271-40F0-867A-7E3FB06A4B9A}.Release|x86.ActiveCfg = Release|x86
		{6E2B514E-0271-40F0-867A-7E3FB06A4B9A}.Release|x86.Build.0 = Release|x86
		{EEC50B4C-1EFB-4E64-857C-414BD0C48EDE}.Debug|Any CPU.ActiveCfg = Debug|Any CPU
		{EEC50B4C-1EFB-4E64-857C-414BD0C48EDE}.Debug|Any CPU.Build.0 = Debug|Any CPU
		{EEC50B4C-1EFB-4E64-857C-414BD0C48EDE}.Debug|ARM.ActiveCfg = Debug|Any CPU
		{EEC50B4C-1EFB-4E64-857C-414BD0C48EDE}.Debug|ARM.Build.0 = Debug|Any CPU
		{EEC50B4C-1EFB-4E64-857C-414BD0C48EDE}.Debug|x64.ActiveCfg = Debug|x64
		{EEC50B4C-1EFB-4E64-857C-414BD0C48EDE}.Debug|x64.Build.0 = Debug|x64
		{EEC50B4C-1EFB-4E64-857C-414BD0C48EDE}.Debug|x86.ActiveCfg = Debug|x86
		{EEC50B4C-1EFB-4E64-857C-414BD0C48EDE}.Debug|x86.Build.0 = Debug|x86
		{EEC50B4C-1EFB-4E64-857C-414BD0C48EDE}.Release|Any CPU.ActiveCfg = Release|Any CPU
		{EEC50B4C-1EFB-4E64-857C-414BD0C48EDE}.Release|Any CPU.Build.0 = Release|Any CPU
		{EEC50B4C-1EFB-4E64-857C-414BD0C48EDE}.Release|ARM.ActiveCfg = Release|Any CPU
		{EEC50B4C-1EFB-4E64-857C-414BD0C48EDE}.Release|ARM.Build.0 = Release|Any CPU
		{EEC50B4C-1EFB-4E64-857C-414BD0C48EDE}.Release|x64.ActiveCfg = Release|Any CPU
		{EEC50B4C-1EFB-4E64-857C-414BD0C48EDE}.Release|x64.Build.0 = Release|Any CPU
		{EEC50B4C-1EFB-4E64-857C-414BD0C48EDE}.Release|x86.ActiveCfg = Release|Any CPU
		{EEC50B4C-1EFB-4E64-857C-414BD0C48EDE}.Release|x86.Build.0 = Release|Any CPU
	EndGlobalSection
	GlobalSection(SolutionProperties) = preSolution
		HideSolutionNode = FALSE
	EndGlobalSection
	GlobalSection(NestedProjects) = preSolution
		{EEC50B4C-1EFB-4E64-857C-414BD0C48EDE} = {057FE87F-CD57-40D1-8947-99A583D4D3EF}
		{3AE648E4-C180-42A7-BCF7-70AB5F60968B} = {057FE87F-CD57-40D1-8947-99A583D4D3EF}
	EndGlobalSection
EndGlobal
